hash: f3abd79c8a75f48fb44848b841637b929a07f6d5a8380a8241a30feef6730525
updated: 2017-10-23T22:58:38.500496388+02:00
imports:
- name: github.com/bitfinexcom/bitfinex-api-go
  version: b79666cdf9e0f716eb5d5e94df10945b4a3e731c
  subpackages:
  - utils
  - v1
  - v2
- name: github.com/gorilla/websocket
  version: 71fa72d4842364bc5f74185f4161e0099ea3624a
- name: github.com/quickfixgo/enum
  version: 2cbed3730c3e92412b9a346fe45b5ddb1a9393da
- name: github.com/quickfixgo/field
  version: 74cea5ec78c70d357fb1ca68dfb26e299a28bbd0
- name: github.com/quickfixgo/fix42
  version: 86a4567f1c77d1e24a584caaa04b25762c9af960
  subpackages:
  - executionreport
  - marketdatarequest
  - marketdatarequestreject
  - marketdatasnapshotfullrefresh
  - newordersingle
  - ordercancelreject
  - ordercancelrequest
  - orderstatusrequest
- name: github.com/quickfixgo/fix44
  version: f090a100621863abecaa6cd783811e8bea211370
  subpackages:
  - executionreport
  - marketdatarequest
  - marketdatarequestreject
  - marketdatasnapshotfullrefresh
  - newordersingle
  - ordercancelreject
  - ordercancelrequest
  - orderstatusrequest
- name: github.com/quickfixgo/quickfix
  version: 1696afcaa27f7b723673df08b6cb09b8f9e2ba2e
  subpackages:
  - config
  - datadictionary
  - decimal
  - internal
- name: github.com/quickfixgo/tag
  version: cbb4657605213a387c5ec1534192671a92c825c3
- name: github.com/satori/go.uuid
  version: 5bf94b69c6b68ee1b541973bb8e1144db23a194b
- name: github.com/shopspring/decimal
  version: faaed5fca71709f7bb4e0b0e564089c7a4a1b3a8
- name: go.uber.org/atomic
  version: 4e336646b2ef9fc6e47be8e21594178f98e5ebcf
- name: go.uber.org/multierr
  version: 3c4937480c32f4c13a875a1829af76c98ca3d40a
- name: go.uber.org/zap
  version: 35aad584952c3e7020db7b839f6b102de6271f89
  subpackages:
  - buffer
  - internal/bufferpool
  - internal/color
  - internal/exit
  - zapcore
testImports: []
