hash: 5f95d826c4fdefac4982f32c6b6d82d8655fca81e5c06f18f17591dc53bd6e89
updated: 2017-09-27T23:28:33.074452543+02:00
imports:
- name: github.com/bitfinexcom/bitfinex-api-go
  version: 3d070aa2d701fab06aa6754fa7631867265f4864
  subpackages:
  - utils
  - v1
  - v2
- name: github.com/gorilla/websocket
  version: 4201258b820c74ac8e6922fc9e6b52f71fe46f8d
- name: github.com/quickfixgo/quickfix
  version: 102166066b60662e45cc963e405d281cd3e20101
  subpackages:
  - config
  - datadictionary
  - enum
  - field
  - fix42
  - fix42/executionreport
  - fix42/marketdatarequest
  - fix42/marketdatarequestreject
  - fix42/marketdatasnapshotfullrefresh
  - fix42/newordersingle
  - fix42/ordercancelreject
  - fix42/ordercancelrequest
  - fix42/orderstatusrequest
  - fix44
  - fix44/executionreport
  - fix44/marketdatarequest
  - fix44/marketdatarequestreject
  - fix44/marketdatasnapshotfullrefresh
  - fix44/newordersingle
  - fix44/ordercancelreject
  - fix44/ordercancelrequest
  - fix44/orderstatusrequest
  - internal
  - tag
- name: github.com/satori/go.uuid
  version: 5bf94b69c6b68ee1b541973bb8e1144db23a194b
- name: github.com/shopspring/decimal
  version: aed1bfe463fa3c9cc268d60dcc1491db613bff7e
- name: go.uber.org/atomic
  version: 4e336646b2ef9fc6e47be8e21594178f98e5ebcf
- name: go.uber.org/multierr
  version: 3c4937480c32f4c13a875a1829af76c98ca3d40a
- name: go.uber.org/zap
  version: 35aad584952c3e7020db7b839f6b102de6271f89
  subpackages:
  - buffer
  - internal/bufferpool
  - internal/color
  - internal/exit
  - zapcore
testImports: []
