# This file is autogenerated, do not edit; changes may be undone by the next 'dep ensure'.


[[projects]]
  branch = "master"
  digest = "1:a4276a460a889960600087accae6c24249472d8e4e22427abe7c5e440037c0ea"
  name = "github.com/bitfinexcom/bitfinex-api-go"
  packages = [
    "utils",
    "v1",
    "v2",
    "v2/rest",
    "v2/websocket",
  ]
  pruneopts = "UT"
  revision = "5fe2d8e4a58fb44f345ac0cb6f07e6dff3e1f386"

[[projects]]
  branch = "master"
  digest = "1:78102ee4d536347316bc42e818340cc50902e45dbd7fdd524c5a1fc0cb07b588"
  name = "github.com/globalsign/mgo"
  packages = [
    ".",
    "bson",
    "internal/json",
    "internal/sasl",
    "internal/scram",
  ]
  pruneopts = "UT"
  revision = "eeefdecb41b842af6dc652aaea4026e8403e62df"

[[projects]]
  digest = "1:d6a102c4dd15b20131fce54527d14bc0c5cbf728d944d674af7b6342464274a7"
  name = "github.com/gorilla/websocket"
  packages = ["."]
  pruneopts = "UT"
  revision = "3da6ca0cb65383f2b607a677b6b55e8358cacee6"

[[projects]]
  branch = "master"
  digest = "1:a999a78d1aba5ffaa739e06c549ebaec5f7be337662395ba1a095830b0378603"
  name = "github.com/quickfixgo/enum"
  packages = ["."]
  pruneopts = "UT"
  revision = "2cbed3730c3e92412b9a346fe45b5ddb1a9393da"

[[projects]]
  branch = "master"
  digest = "1:03e90cabfb999375fd0d2a2e062cdc75bd967d42213f396a13be53e9c162997f"
  name = "github.com/quickfixgo/field"
  packages = ["."]
  pruneopts = "UT"
  revision = "74cea5ec78c70d357fb1ca68dfb26e299a28bbd0"

[[projects]]
  branch = "master"
  digest = "1:bd2792b7d1943f1f12c552a54f49cd6705d553e63593a85f1d26d7ee558ae328"
  name = "github.com/quickfixgo/fix42"
  packages = [
    ".",
    "businessmessagereject",
    "executionreport",
    "logout",
    "marketdataincrementalrefresh",
    "marketdatarequest",
    "marketdatarequestreject",
    "marketdatasnapshotfullrefresh",
    "newordersingle",
    "ordercancelreject",
    "ordercancelrequest",
    "orderstatusrequest",
  ]
  pruneopts = "UT"
  revision = "86a4567f1c77d1e24a584caaa04b25762c9af960"

[[projects]]
  branch = "master"
  digest = "1:22e48938e888d7b69b91a4c867720ce2183b7e255218b62e80e2811e4735ac51"
  name = "github.com/quickfixgo/quickfix"
  packages = [
    ".",
    "config",
    "datadictionary",
    "internal",
  ]
  pruneopts = "UT"
  revision = "5bcdd16d49b0d1d8eaec019f502b7d2949444f0c"

[[projects]]
  branch = "master"
  digest = "1:49ef2aa92773abc25f66175cf738dfc22038e602b15d3cfd53022ce47d33a664"
  name = "github.com/quickfixgo/tag"
  packages = ["."]
  pruneopts = "UT"
  revision = "cbb4657605213a387c5ec1534192671a92c825c3"

[[projects]]
  digest = "1:e589afe1921e2b183b1cc58a06d7b36ee703a1fdb3cfc41370903c75a5d00b2a"
  name = "github.com/satori/go.uuid"
  packages = ["."]
  pruneopts = "UT"
  revision = "5bf94b69c6b68ee1b541973bb8e1144db23a194b"

[[projects]]
  branch = "master"
  digest = "1:81e02c4edb639c80559c0650f9401d3e2dcc3256d1fa215382bb7c83c1db9126"
  name = "github.com/shopspring/decimal"
  packages = ["."]
  pruneopts = "UT"
  revision = "cd690d0c9e2447b1ef2a129a6b7b49077da89b8e"

[[projects]]
  digest = "1:777e729b475d3895c7229552aa10076f0d177daf37c0a72258006d046d329960"
  name = "go.uber.org/atomic"
  packages = ["."]
  pruneopts = "UT"
  revision = "4e336646b2ef9fc6e47be8e21594178f98e5ebcf"
  version = "v1.2.0"

[[projects]]
  digest = "1:60bf2a5e347af463c42ed31a493d817f8a72f102543060ed992754e689805d1a"
  name = "go.uber.org/multierr"
  packages = ["."]
  pruneopts = "UT"
  revision = "3c4937480c32f4c13a875a1829af76c98ca3d40a"
  version = "v1.1.0"

[[projects]]
  digest = "1:07853d37736d3f630740d434a623de697d0a863fca0e40b2c859995045d8941e"
  name = "go.uber.org/zap"
  packages = [
    ".",
    "buffer",
    "internal/bufferpool",
    "internal/color",
    "internal/exit",
    "zapcore",
  ]
  pruneopts = "UT"
  revision = "f85c78b1dd998214c5f2138155b320a4a43fbe36"

[solve-meta]
  analyzer-name = "dep"
  analyzer-version = 1
  input-imports = [
    "github.com/bitfinexcom/bitfinex-api-go/utils",
    "github.com/bitfinexcom/bitfinex-api-go/v1",
    "github.com/bitfinexcom/bitfinex-api-go/v2",
    "github.com/bitfinexcom/bitfinex-api-go/v2/rest",
    "github.com/bitfinexcom/bitfinex-api-go/v2/websocket",
    "github.com/gorilla/websocket",
    "github.com/quickfixgo/enum",
    "github.com/quickfixgo/field",
    "github.com/quickfixgo/fix42/businessmessagereject",
    "github.com/quickfixgo/fix42/executionreport",
    "github.com/quickfixgo/fix42/logout",
    "github.com/quickfixgo/fix42/marketdataincrementalrefresh",
    "github.com/quickfixgo/fix42/marketdatarequest",
    "github.com/quickfixgo/fix42/marketdatarequestreject",
    "github.com/quickfixgo/fix42/marketdatasnapshotfullrefresh",
    "github.com/quickfixgo/fix42/newordersingle",
    "github.com/quickfixgo/fix42/ordercancelreject",
    "github.com/quickfixgo/fix42/ordercancelrequest",
    "github.com/quickfixgo/fix42/orderstatusrequest",
    "github.com/quickfixgo/quickfix",
    "github.com/quickfixgo/tag",
    "github.com/satori/go.uuid",
    "github.com/shopspring/decimal",
    "go.uber.org/zap",
  ]
  solver-name = "gps-cdcl"
  solver-version = 1
