# This file is autogenerated, do not edit; changes may be undone by the next 'dep ensure'.


[[projects]]
  branch = "master"
  digest = "1:6e2d71b53e97db8b54ceff9149ec95a7932086e0fa8e9e27998a9e66c2a46507"
  name = "github.com/bitfinexcom/bitfinex-api-go"
  packages = [
    "utils",
    "v1",
    "v2",
    "v2/rest",
    "v2/websocket",
  ]
  pruneopts = "UT"
  revision = "8eb1177ec1d7d6dd69f622df2fde54ba21994b22"

[[projects]]
  branch = "master"
  digest = "1:78102ee4d536347316bc42e818340cc50902e45dbd7fdd524c5a1fc0cb07b588"
  name = "github.com/globalsign/mgo"
  packages = [
    ".",
    "bson",
    "internal/json",
    "internal/sasl",
    "internal/scram",
  ]
  pruneopts = "UT"
  revision = "eeefdecb41b842af6dc652aaea4026e8403e62df"

[[projects]]
  digest = "1:d6a102c4dd15b20131fce54527d14bc0c5cbf728d944d674af7b6342464274a7"
  name = "github.com/gorilla/websocket"
  packages = ["."]
  pruneopts = "UT"
  revision = "3da6ca0cb65383f2b607a677b6b55e8358cacee6"

[[projects]]
  digest = "1:b472339040c571f1085e429ad08d94218bc3fc7a635c99fd95e3f80382413317"
  name = "github.com/kisielk/errcheck"
  packages = [
    ".",
    "internal/errcheck",
  ]
  pruneopts = "UT"
  revision = "e14f8d59a22d460d56c5ee92507cd94c78fbf274"
  version = "v1.2.0"

[[projects]]
  branch = "master"
  digest = "1:a999a78d1aba5ffaa739e06c549ebaec5f7be337662395ba1a095830b0378603"
  name = "github.com/quickfixgo/enum"
  packages = ["."]
  pruneopts = "UT"
  revision = "2cbed3730c3e92412b9a346fe45b5ddb1a9393da"

[[projects]]
  branch = "master"
  digest = "1:03e90cabfb999375fd0d2a2e062cdc75bd967d42213f396a13be53e9c162997f"
  name = "github.com/quickfixgo/field"
  packages = ["."]
  pruneopts = "UT"
  revision = "74cea5ec78c70d357fb1ca68dfb26e299a28bbd0"

[[projects]]
  branch = "master"
  digest = "1:f217a61e525cd496eed9adc99c264d16689a79fd7879168e106c7038fa737376"
  name = "github.com/quickfixgo/fix42"
  packages = [
    ".",
    "businessmessagereject",
    "executionreport",
    "logout",
    "marketdataincrementalrefresh",
    "marketdatarequest",
    "marketdatarequestreject",
    "marketdatasnapshotfullrefresh",
    "newordersingle",
    "ordercancelreject",
    "ordercancelreplacerequest",
    "ordercancelrequest",
    "orderstatusrequest",
  ]
  pruneopts = "UT"
  revision = "86a4567f1c77d1e24a584caaa04b25762c9af960"

[[projects]]
  branch = "master"
  digest = "1:22e48938e888d7b69b91a4c867720ce2183b7e255218b62e80e2811e4735ac51"
  name = "github.com/quickfixgo/quickfix"
  packages = [
    ".",
    "config",
    "datadictionary",
    "internal",
  ]
  pruneopts = "UT"
  revision = "5bcdd16d49b0d1d8eaec019f502b7d2949444f0c"

[[projects]]
  branch = "master"
  digest = "1:49ef2aa92773abc25f66175cf738dfc22038e602b15d3cfd53022ce47d33a664"
  name = "github.com/quickfixgo/tag"
  packages = ["."]
  pruneopts = "UT"
  revision = "cbb4657605213a387c5ec1534192671a92c825c3"

[[projects]]
  digest = "1:e589afe1921e2b183b1cc58a06d7b36ee703a1fdb3cfc41370903c75a5d00b2a"
  name = "github.com/satori/go.uuid"
  packages = ["."]
  pruneopts = "UT"
  revision = "5bf94b69c6b68ee1b541973bb8e1144db23a194b"

[[projects]]
  branch = "master"
  digest = "1:81e02c4edb639c80559c0650f9401d3e2dcc3256d1fa215382bb7c83c1db9126"
  name = "github.com/shopspring/decimal"
  packages = ["."]
  pruneopts = "UT"
  revision = "cd690d0c9e2447b1ef2a129a6b7b49077da89b8e"

[[projects]]
  digest = "1:777e729b475d3895c7229552aa10076f0d177daf37c0a72258006d046d329960"
  name = "go.uber.org/atomic"
  packages = ["."]
  pruneopts = "UT"
  revision = "4e336646b2ef9fc6e47be8e21594178f98e5ebcf"
  version = "v1.2.0"

[[projects]]
  digest = "1:60bf2a5e347af463c42ed31a493d817f8a72f102543060ed992754e689805d1a"
  name = "go.uber.org/multierr"
  packages = ["."]
  pruneopts = "UT"
  revision = "3c4937480c32f4c13a875a1829af76c98ca3d40a"
  version = "v1.1.0"

[[projects]]
  digest = "1:07853d37736d3f630740d434a623de697d0a863fca0e40b2c859995045d8941e"
  name = "go.uber.org/zap"
  packages = [
    ".",
    "buffer",
    "internal/bufferpool",
    "internal/color",
    "internal/exit",
    "zapcore",
  ]
  pruneopts = "UT"
  revision = "f85c78b1dd998214c5f2138155b320a4a43fbe36"

[[projects]]
  branch = "master"
  digest = "1:395763139fd6f101dd123c1b124d8c4ae614f37b09690a8675e9d523dbb2557f"
  name = "golang.org/x/lint"
  packages = [
    ".",
    "golint",
  ]
  pruneopts = "UT"
  revision = "8f45f776aaf18cebc8d65861cc70c33c60471952"

[[projects]]
  branch = "master"
  digest = "1:987d9f44d16c3d51b1c233c0f4886eb9c83ff66d14cd531194a88731efa4421b"
  name = "golang.org/x/tools"
  packages = [
    "go/ast/astutil",
    "go/gcexportdata",
    "go/internal/cgo",
    "go/internal/gcimporter",
    "go/internal/packagesdriver",
    "go/packages",
    "go/types/typeutil",
    "internal/fastwalk",
    "internal/gopathwalk",
    "internal/semver",
  ]
  pruneopts = "UT"
  revision = "067a2f313b693f3c2d3c0eb328434c91c7fc9b6b"

[solve-meta]
  analyzer-name = "dep"
  analyzer-version = 1
  input-imports = [
    "github.com/bitfinexcom/bitfinex-api-go/utils",
    "github.com/bitfinexcom/bitfinex-api-go/v1",
    "github.com/bitfinexcom/bitfinex-api-go/v2",
    "github.com/bitfinexcom/bitfinex-api-go/v2/rest",
    "github.com/bitfinexcom/bitfinex-api-go/v2/websocket",
    "github.com/gorilla/websocket",
    "github.com/kisielk/errcheck",
    "github.com/quickfixgo/enum",
    "github.com/quickfixgo/field",
    "github.com/quickfixgo/fix42/businessmessagereject",
    "github.com/quickfixgo/fix42/executionreport",
    "github.com/quickfixgo/fix42/logout",
    "github.com/quickfixgo/fix42/marketdataincrementalrefresh",
    "github.com/quickfixgo/fix42/marketdatarequest",
    "github.com/quickfixgo/fix42/marketdatarequestreject",
    "github.com/quickfixgo/fix42/marketdatasnapshotfullrefresh",
    "github.com/quickfixgo/fix42/newordersingle",
    "github.com/quickfixgo/fix42/ordercancelreject",
    "github.com/quickfixgo/fix42/ordercancelreplacerequest",
    "github.com/quickfixgo/fix42/ordercancelrequest",
    "github.com/quickfixgo/fix42/orderstatusrequest",
    "github.com/quickfixgo/quickfix",
    "github.com/quickfixgo/tag",
    "github.com/satori/go.uuid",
    "github.com/shopspring/decimal",
    "go.uber.org/zap",
    "golang.org/x/lint/golint",
  ]
  solver-name = "gps-cdcl"
  solver-version = 1
